{
  "version": 4,
  "terraform_version": "1.12.2",
  "serial": 223,
  "lineage": "fa36796e-7918-a36d-7982-c154fb9d6c2a",
  "outputs": {
    "collector_lambda_name": {
      "value": "user-activity-pipeline-collector",
      "type": "string"
    },
    "dynamodb_table": {
      "value": "user-activity-pipeline-table",
      "type": "string"
    },
    "s3_bucket": {
      "value": "user-activity-pipeline-raw-90adda9f",
      "type": "string"
    },
    "state_machine_arn": {
      "value": "arn:aws:states:us-east-2:287706941932:stateMachine:user-activity-pipeline-pipeline",
      "type": "string"
    }
  },
  "resources": [
    {
      "mode": "data",
      "type": "archive_file",
      "name": "collector_zip",
      "provider": "provider[\"registry.terraform.io/hashicorp/archive\"]",
      "instances": [
        {
          "schema_version": 0,
          "attributes": {
            "exclude_symlink_directories": null,
            "excludes": null,
            "id": "6394c068317335df6bc25d2f0b516f21e9e04981",
            "output_base64sha256": "bK6AjmEC7ZZIic7cxZCae0mvMO7i/yacPcsRCNogxsc=",
            "output_base64sha512": "A5eMyHbD0zvugNRVwfeQ3Y4llw3L22jTz6PJHZdRKN6E3zuFI3Bsk74HXu9fGCdWrxYpcKy9np1bo9OT+53Zdw==",
            "output_file_mode": null,
            "output_md5": "a6607c2b388490b5cfe045e048448760",
            "output_path": "./.build/collector.zip",
            "output_sha": "6394c068317335df6bc25d2f0b516f21e9e04981",
            "output_sha256": "6cae808e6102ed964889cedcc5909a7b49af30eee2ff269c3dcb1108da20c6c7",
            "output_sha512": "03978cc876c3d33bee80d455c1f790dd8e25970dcbdb68d3cfa3c91d975128de84df3b8523706c93be075eef5f182756af162970acbd9e9d5ba3d393fb9dd977",
            "output_size": 995,
            "source": [],
            "source_content": null,
            "source_content_filename": null,
            "source_dir": null,
            "source_file": "./../lambdas/collector.py",
            "type": "zip"
          },
          "sensitive_attributes": [],
          "identity_schema_version": 0
        }
      ]
    },
    {
      "mode": "data",
      "type": "archive_file",
      "name": "processor_zip",
      "provider": "provider[\"registry.terraform.io/hashicorp/archive\"]",
      "instances": [
        {
          "schema_version": 0,
          "attributes": {
            "exclude_symlink_directories": null,
            "excludes": null,
            "id": "905a7c2b181dc68f558bc2744cf78be872d1898e",
            "output_base64sha256": "CuWTqHOijUvAwMqonWBAoNpdoqdkYxwOiFT0L44N3z0=",
            "output_base64sha512": "oIHoILmHM2Wm7libhdGiRgg99N7X2/7lwagoo0g0RKduGEdQx0eABXEd99jnGH2tbBqx5+HPMlF5mfSOxcQ3hg==",
            "output_file_mode": null,
            "output_md5": "b216cb9e44f0b029eb39ad17451e39b0",
            "output_path": "./.build/processor.zip",
            "output_sha": "905a7c2b181dc68f558bc2744cf78be872d1898e",
            "output_sha256": "0ae593a873a28d4bc0c0caa89d6040a0da5da2a764631c0e8854f42f8e0ddf3d",
            "output_sha512": "a081e820b9873365a6ee589b85d1a246083df4ded7dbfee5c1a828a3483444a76e184750c7478005711df7d8e7187dad6c1ab1e7e1cf32517999f48ec5c43786",
            "output_size": 1211,
            "source": [],
            "source_content": null,
            "source_content_filename": null,
            "source_dir": null,
            "source_file": "./../lambdas/processor.py",
            "type": "zip"
          },
          "sensitive_attributes": [],
          "identity_schema_version": 0
        }
      ]
    },
    {
      "mode": "data",
      "type": "aws_iam_policy_document",
      "name": "assume_lambda",
      "provider": "provider[\"registry.terraform.io/hashicorp/aws\"]",
      "instances": [
        {
          "schema_version": 0,
          "attributes": {
            "id": "1604711841",
            "json": "{\n  \"Version\": \"2012-10-17\",\n  \"Statement\": [\n    {\n      \"Effect\": \"Allow\",\n      \"Action\": \"sts:AssumeRole\",\n      \"Principal\": {\n        \"Service\": \"lambda.amazonaws.com\"\n      }\n    }\n  ]\n}",
            "minified_json": "{\"Version\":\"2012-10-17\",\"Statement\":[{\"Effect\":\"Allow\",\"Action\":\"sts:AssumeRole\",\"Principal\":{\"Service\":\"lambda.amazonaws.com\"}}]}",
            "override_json": null,
            "override_policy_documents": null,
            "policy_id": null,
            "source_json": null,
            "source_policy_documents": null,
            "statement": [
              {
                "actions": [
                  "sts:AssumeRole"
                ],
                "condition": [],
                "effect": "Allow",
                "not_actions": [],
                "not_principals": [],
                "not_resources": [],
                "principals": [
                  {
                    "identifiers": [
                      "lambda.amazonaws.com"
                    ],
                    "type": "Service"
                  }
                ],
                "resources": [],
                "sid": ""
              }
            ],
            "version": "2012-10-17"
          },
          "sensitive_attributes": [],
          "identity_schema_version": 0
        }
      ]
    },
    {
      "mode": "data",
      "type": "aws_iam_policy_document",
      "name": "assume_sfn",
      "provider": "provider[\"registry.terraform.io/hashicorp/aws\"]",
      "instances": [
        {
          "schema_version": 0,
          "attributes": {
            "id": "271985812",
            "json": "{\n  \"Version\": \"2012-10-17\",\n  \"Statement\": [\n    {\n      \"Effect\": \"Allow\",\n      \"Action\": \"sts:AssumeRole\",\n      \"Principal\": {\n        \"Service\": \"states.amazonaws.com\"\n      }\n    }\n  ]\n}",
            "minified_json": "{\"Version\":\"2012-10-17\",\"Statement\":[{\"Effect\":\"Allow\",\"Action\":\"sts:AssumeRole\",\"Principal\":{\"Service\":\"states.amazonaws.com\"}}]}",
            "override_json": null,
            "override_policy_documents": null,
            "policy_id": null,
            "source_json": null,
            "source_policy_documents": null,
            "statement": [
              {
                "actions": [
                  "sts:AssumeRole"
                ],
                "condition": [],
                "effect": "Allow",
                "not_actions": [],
                "not_principals": [],
                "not_resources": [],
                "principals": [
                  {
                    "identifiers": [
                      "states.amazonaws.com"
                    ],
                    "type": "Service"
                  }
                ],
                "resources": [],
                "sid": ""
              }
            ],
            "version": "2012-10-17"
          },
          "sensitive_attributes": [],
          "identity_schema_version": 0
        }
      ]
    },
    {
      "mode": "data",
      "type": "aws_iam_policy_document",
      "name": "lambda_inline",
      "provider": "provider[\"registry.terraform.io/hashicorp/aws\"]",
      "instances": [
        {
          "schema_version": 0,
          "attributes": {
            "id": "1853007807",
            "json": "{\n  \"Version\": \"2012-10-17\",\n  \"Statement\": [\n    {\n      \"Sid\": \"S3RW\",\n      \"Effect\": \"Allow\",\n      \"Action\": [\n        \"s3:PutObject\",\n        \"s3:ListBucket\",\n        \"s3:GetObject\"\n      ],\n      \"Resource\": [\n        \"arn:aws:s3:::user-activity-pipeline-raw-90adda9f/*\",\n        \"arn:aws:s3:::user-activity-pipeline-raw-90adda9f\"\n      ]\n    },\n    {\n      \"Sid\": \"DDBWrite\",\n      \"Effect\": \"Allow\",\n      \"Action\": [\n        \"dynamodb:PutItem\",\n        \"dynamodb:BatchWriteItem\"\n      ],\n      \"Resource\": \"arn:aws:dynamodb:us-east-2:287706941932:table/user-activity-pipeline-table\"\n    },\n    {\n      \"Sid\": \"LambdaInvoke\",\n      \"Effect\": \"Allow\",\n      \"Action\": \"lambda:InvokeFunction\",\n      \"Resource\": \"arn:aws:lambda:us-east-2:287706941932:function:user-activity-pipeline-processor\"\n    },\n    {\n      \"Sid\": \"StepFunctionsStart\",\n      \"Effect\": \"Allow\",\n      \"Action\": \"states:StartExecution\",\n      \"Resource\": \"arn:aws:states:us-east-2:287706941932:stateMachine:user-activity-pipeline-pipeline\"\n    }\n  ]\n}",
            "minified_json": "{\"Version\":\"2012-10-17\",\"Statement\":[{\"Sid\":\"S3RW\",\"Effect\":\"Allow\",\"Action\":[\"s3:PutObject\",\"s3:ListBucket\",\"s3:GetObject\"],\"Resource\":[\"arn:aws:s3:::user-activity-pipeline-raw-90adda9f/*\",\"arn:aws:s3:::user-activity-pipeline-raw-90adda9f\"]},{\"Sid\":\"DDBWrite\",\"Effect\":\"Allow\",\"Action\":[\"dynamodb:PutItem\",\"dynamodb:BatchWriteItem\"],\"Resource\":\"arn:aws:dynamodb:us-east-2:287706941932:table/user-activity-pipeline-table\"},{\"Sid\":\"LambdaInvoke\",\"Effect\":\"Allow\",\"Action\":\"lambda:InvokeFunction\",\"Resource\":\"arn:aws:lambda:us-east-2:287706941932:function:user-activity-pipeline-processor\"},{\"Sid\":\"StepFunctionsStart\",\"Effect\":\"Allow\",\"Action\":\"states:StartExecution\",\"Resource\":\"arn:aws:states:us-east-2:287706941932:stateMachine:user-activity-pipeline-pipeline\"}]}",
            "override_json": null,
            "override_policy_documents": null,
            "policy_id": null,
            "source_json": null,
            "source_policy_documents": null,
            "statement": [
              {
                "actions": [
                  "s3:GetObject",
                  "s3:ListBucket",
                  "s3:PutObject"
                ],
                "condition": [],
                "effect": "Allow",
                "not_actions": [],
                "not_principals": [],
                "not_resources": [],
                "principals": [],
                "resources": [
                  "arn:aws:s3:::user-activity-pipeline-raw-90adda9f",
                  "arn:aws:s3:::user-activity-pipeline-raw-90adda9f/*"
                ],
                "sid": "S3RW"
              },
              {
                "actions": [
                  "dynamodb:BatchWriteItem",
                  "dynamodb:PutItem"
                ],
                "condition": [],
                "effect": "Allow",
                "not_actions": [],
                "not_principals": [],
                "not_resources": [],
                "principals": [],
                "resources": [
                  "arn:aws:dynamodb:us-east-2:287706941932:table/user-activity-pipeline-table"
                ],
                "sid": "DDBWrite"
              },
              {
                "actions": [
                  "lambda:InvokeFunction"
                ],
                "condition": [],
                "effect": "Allow",
                "not_actions": [],
                "not_principals": [],
                "not_resources": [],
                "principals": [],
                "resources": [
                  "arn:aws:lambda:us-east-2:287706941932:function:user-activity-pipeline-processor"
                ],
                "sid": "LambdaInvoke"
              },
              {
                "actions": [
                  "states:StartExecution"
                ],
                "condition": [],
                "effect": "Allow",
                "not_actions": [],
                "not_principals": [],
                "not_resources": [],
                "principals": [],
                "resources": [
                  "arn:aws:states:us-east-2:287706941932:stateMachine:user-activity-pipeline-pipeline"
                ],
                "sid": "StepFunctionsStart"
              }
            ],
            "version": "2012-10-17"
          },
          "sensitive_attributes": [],
          "identity_schema_version": 0
        }
      ]
    },
    {
      "mode": "data",
      "type": "aws_iam_policy_document",
      "name": "sfn_invoke_lambdas",
      "provider": "provider[\"registry.terraform.io/hashicorp/aws\"]",
      "instances": [
        {
          "schema_version": 0,
          "attributes": {
            "id": "1837069876",
            "json": "{\n  \"Version\": \"2012-10-17\",\n  \"Statement\": [\n    {\n      \"Effect\": \"Allow\",\n      \"Action\": \"lambda:InvokeFunction\",\n      \"Resource\": [\n        \"arn:aws:lambda:us-east-2:287706941932:function:user-activity-pipeline-transform\",\n        \"arn:aws:lambda:us-east-2:287706941932:function:user-activity-pipeline-processor\",\n        \"arn:aws:lambda:us-east-2:287706941932:function:user-activity-pipeline-load\",\n        \"arn:aws:lambda:us-east-2:287706941932:function:user-activity-pipeline-collector\"\n      ]\n    }\n  ]\n}",
            "minified_json": "{\"Version\":\"2012-10-17\",\"Statement\":[{\"Effect\":\"Allow\",\"Action\":\"lambda:InvokeFunction\",\"Resource\":[\"arn:aws:lambda:us-east-2:287706941932:function:user-activity-pipeline-transform\",\"arn:aws:lambda:us-east-2:287706941932:function:user-activity-pipeline-processor\",\"arn:aws:lambda:us-east-2:287706941932:function:user-activity-pipeline-load\",\"arn:aws:lambda:us-east-2:287706941932:function:user-activity-pipeline-collector\"]}]}",
            "override_json": null,
            "override_policy_documents": null,
            "policy_id": null,
            "source_json": null,
            "source_policy_documents": null,
            "statement": [
              {
                "actions": [
                  "lambda:InvokeFunction"
                ],
                "condition": [],
                "effect": "Allow",
                "not_actions": [],
                "not_principals": [],
                "not_resources": [],
                "principals": [],
                "resources": [
                  "arn:aws:lambda:us-east-2:287706941932:function:user-activity-pipeline-collector",
                  "arn:aws:lambda:us-east-2:287706941932:function:user-activity-pipeline-load",
                  "arn:aws:lambda:us-east-2:287706941932:function:user-activity-pipeline-processor",
                  "arn:aws:lambda:us-east-2:287706941932:function:user-activity-pipeline-transform"
                ],
                "sid": ""
              }
            ],
            "version": "2012-10-17"
          },
          "sensitive_attributes": [],
          "identity_schema_version": 0
        }
      ]
    },
    {
      "mode": "managed",
      "type": "aws_cloudwatch_metric_alarm",
      "name": "collector_errors",
      "provider": "provider[\"registry.terraform.io/hashicorp/aws\"]",
      "instances": [
        {
          "schema_version": 1,
          "attributes": {
            "actions_enabled": true,
            "alarm_actions": [],
            "alarm_description": "",
            "alarm_name": "user-activity-pipeline-collector-errors",
            "arn": "arn:aws:cloudwatch:us-east-2:287706941932:alarm:user-activity-pipeline-collector-errors",
            "comparison_operator": "GreaterThanThreshold",
            "datapoints_to_alarm": 0,
            "dimensions": {
              "FunctionName": "user-activity-pipeline-collector"
            },
            "evaluate_low_sample_count_percentiles": "",
            "evaluation_periods": 1,
            "extended_statistic": "",
            "id": "user-activity-pipeline-collector-errors",
            "insufficient_data_actions": [],
            "metric_name": "Errors",
            "metric_query": [],
            "namespace": "AWS/Lambda",
            "ok_actions": [],
            "period": 300,
            "region": "us-east-2",
            "statistic": "Sum",
            "tags": {},
            "tags_all": {},
            "threshold": 0,
            "threshold_metric_id": "",
            "treat_missing_data": "missing",
            "unit": ""
          },
          "sensitive_attributes": [],
          "identity_schema_version": 0,
          "identity": {
            "account_id": "287706941932",
            "alarm_name": "user-activity-pipeline-collector-errors",
            "region": "us-east-2"
          },
          "private": "eyJzY2hlbWFfdmVyc2lvbiI6IjEifQ==",
          "dependencies": [
            "aws_dynamodb_table.activity",
            "aws_iam_role.lambda_exec",
            "aws_iam_role.sfn_role",
            "aws_lambda_function.collector",
            "aws_lambda_function.load",
            "aws_s3_bucket.raw",
            "aws_sfn_state_machine.pipeline",
            "data.archive_file.collector_zip",
            "data.archive_file.processor_zip",
            "data.aws_iam_policy_document.assume_lambda",
            "data.aws_iam_policy_document.assume_sfn",
            "null_resource.build_dir",
            "random_id.suffix"
          ]
        }
      ]
    },
    {
      "mode": "managed",
      "type": "aws_cloudwatch_metric_alarm",
      "name": "load_errors",
      "provider": "provider[\"registry.terraform.io/hashicorp/aws\"]",
      "instances": [
        {
          "schema_version": 1,
          "attributes": {
            "actions_enabled": true,
            "alarm_actions": [],
            "alarm_description": "",
            "alarm_name": "user-activity-pipeline-load-errors",
            "arn": "arn:aws:cloudwatch:us-east-2:287706941932:alarm:user-activity-pipeline-load-errors",
            "comparison_operator": "GreaterThanThreshold",
            "datapoints_to_alarm": 0,
            "dimensions": {
              "FunctionName": "user-activity-pipeline-load"
            },
            "evaluate_low_sample_count_percentiles": "",
            "evaluation_periods": 1,
            "extended_statistic": "",
            "id": "user-activity-pipeline-load-errors",
            "insufficient_data_actions": [],
            "metric_name": "Errors",
            "metric_query": [],
            "namespace": "AWS/Lambda",
            "ok_actions": [],
            "period": 300,
            "region": "us-east-2",
            "statistic": "Sum",
            "tags": {},
            "tags_all": {},
            "threshold": 0,
            "threshold_metric_id": "",
            "treat_missing_data": "missing",
            "unit": ""
          },
          "sensitive_attributes": [],
          "identity_schema_version": 0,
          "identity": {
            "account_id": "287706941932",
            "alarm_name": "user-activity-pipeline-load-errors",
            "region": "us-east-2"
          },
          "private": "eyJzY2hlbWFfdmVyc2lvbiI6IjEifQ==",
          "dependencies": [
            "aws_dynamodb_table.activity",
            "aws_iam_role.lambda_exec",
            "aws_lambda_function.load",
            "data.archive_file.processor_zip",
            "data.aws_iam_policy_document.assume_lambda",
            "null_resource.build_dir"
          ]
        }
      ]
    },
    {
      "mode": "managed",
      "type": "aws_cloudwatch_metric_alarm",
      "name": "sfn_failed",
      "provider": "provider[\"registry.terraform.io/hashicorp/aws\"]",
      "instances": [
        {
          "schema_version": 1,
          "attributes": {
            "actions_enabled": true,
            "alarm_actions": [],
            "alarm_description": "",
            "alarm_name": "user-activity-pipeline-sfn-failed",
            "arn": "arn:aws:cloudwatch:us-east-2:287706941932:alarm:user-activity-pipeline-sfn-failed",
            "comparison_operator": "GreaterThanThreshold",
            "datapoints_to_alarm": 0,
            "dimensions": {
              "StateMachineArn": "arn:aws:states:us-east-2:287706941932:stateMachine:user-activity-pipeline-pipeline"
            },
            "evaluate_low_sample_count_percentiles": "",
            "evaluation_periods": 1,
            "extended_statistic": "",
            "id": "user-activity-pipeline-sfn-failed",
            "insufficient_data_actions": [],
            "metric_name": "ExecutionsFailed",
            "metric_query": [],
            "namespace": "AWS/States",
            "ok_actions": [],
            "period": 300,
            "region": "us-east-2",
            "statistic": "Sum",
            "tags": {},
            "tags_all": {},
            "threshold": 0,
            "threshold_metric_id": "",
            "treat_missing_data": "missing",
            "unit": ""
          },
          "sensitive_attributes": [],
          "identity_schema_version": 0,
          "identity": {
            "account_id": "287706941932",
            "alarm_name": "user-activity-pipeline-sfn-failed",
            "region": "us-east-2"
          },
          "private": "eyJzY2hlbWFfdmVyc2lvbiI6IjEifQ==",
          "dependencies": [
            "aws_dynamodb_table.activity",
            "aws_iam_role.lambda_exec",
            "aws_iam_role.sfn_role",
            "aws_lambda_function.load",
            "aws_sfn_state_machine.pipeline",
            "data.archive_file.processor_zip",
            "data.aws_iam_policy_document.assume_lambda",
            "data.aws_iam_policy_document.assume_sfn",
            "null_resource.build_dir"
          ]
        }
      ]
    },
    {
      "mode": "managed",
      "type": "aws_cloudwatch_metric_alarm",
      "name": "transform_errors",
      "provider": "provider[\"registry.terraform.io/hashicorp/aws\"]",
      "instances": [
        {
          "schema_version": 1,
          "attributes": {
            "actions_enabled": true,
            "alarm_actions": [],
            "alarm_description": "",
            "alarm_name": "user-activity-pipeline-transform-errors",
            "arn": "arn:aws:cloudwatch:us-east-2:287706941932:alarm:user-activity-pipeline-transform-errors",
            "comparison_operator": "GreaterThanThreshold",
            "datapoints_to_alarm": 0,
            "dimensions": {
              "FunctionName": "user-activity-pipeline-transform"
            },
            "evaluate_low_sample_count_percentiles": "",
            "evaluation_periods": 1,
            "extended_statistic": "",
            "id": "user-activity-pipeline-transform-errors",
            "insufficient_data_actions": [],
            "metric_name": "Errors",
            "metric_query": [],
            "namespace": "AWS/Lambda",
            "ok_actions": [],
            "period": 300,
            "region": "us-east-2",
            "statistic": "Sum",
            "tags": {},
            "tags_all": {},
            "threshold": 0,
            "threshold_metric_id": "",
            "treat_missing_data": "missing",
            "unit": ""
          },
          "sensitive_attributes": [],
          "identity_schema_version": 0,
          "identity": {
            "account_id": "287706941932",
            "alarm_name": "user-activity-pipeline-transform-errors",
            "region": "us-east-2"
          },
          "private": "eyJzY2hlbWFfdmVyc2lvbiI6IjEifQ==",
          "dependencies": [
            "aws_dynamodb_table.activity",
            "aws_iam_role.lambda_exec",
            "aws_lambda_function.transform",
            "data.archive_file.processor_zip",
            "data.aws_iam_policy_document.assume_lambda",
            "null_resource.build_dir"
          ]
        }
      ]
    },
    {
      "mode": "managed",
      "type": "aws_dynamodb_table",
      "name": "activity",
      "provider": "provider[\"registry.terraform.io/hashicorp/aws\"]",
      "instances": [
        {
          "schema_version": 1,
          "attributes": {
            "arn": "arn:aws:dynamodb:us-east-2:287706941932:table/user-activity-pipeline-table",
            "attribute": [
              {
                "name": "event_ts",
                "type": "S"
              },
              {
                "name": "user_id",
                "type": "S"
              }
            ],
            "billing_mode": "PAY_PER_REQUEST",
            "deletion_protection_enabled": false,
            "global_secondary_index": [],
            "hash_key": "user_id",
            "id": "user-activity-pipeline-table",
            "import_table": [],
            "local_secondary_index": [],
            "name": "user-activity-pipeline-table",
            "on_demand_throughput": [],
            "point_in_time_recovery": [
              {
                "enabled": false,
                "recovery_period_in_days": 0
              }
            ],
            "range_key": "event_ts",
            "read_capacity": 0,
            "region": "us-east-2",
            "replica": [],
            "restore_date_time": null,
            "restore_source_name": null,
            "restore_source_table_arn": null,
            "restore_to_latest_time": null,
            "server_side_encryption": [],
            "stream_arn": "",
            "stream_enabled": false,
            "stream_label": "",
            "stream_view_type": "",
            "table_class": "STANDARD",
            "tags": {},
            "tags_all": {},
            "timeouts": null,
            "ttl": [
              {
                "attribute_name": "",
                "enabled": false
              }
            ],
            "write_capacity": 0
          },
          "sensitive_attributes": [],
          "identity_schema_version": 0,
          "private": "eyJlMmJmYjczMC1lY2FhLTExZTYtOGY4OC0zNDM2M2JjN2M0YzAiOnsiY3JlYXRlIjoxODAwMDAwMDAwMDAwLCJkZWxldGUiOjYwMDAwMDAwMDAwMCwidXBkYXRlIjozNjAwMDAwMDAwMDAwfSwic2NoZW1hX3ZlcnNpb24iOiIxIn0="
        }
      ]
    },
    {
      "mode": "managed",
      "type": "aws_iam_policy",
      "name": "collector_sfn",
      "provider": "provider[\"registry.terraform.io/hashicorp/aws\"]",
      "instances": [
        {
          "schema_version": 0,
          "attributes": {
            "arn": "arn:aws:iam::287706941932:policy/user-activity-pipeline-collector-sfn",
            "attachment_count": 1,
            "description": "",
            "id": "arn:aws:iam::287706941932:policy/user-activity-pipeline-collector-sfn",
            "name": "user-activity-pipeline-collector-sfn",
            "name_prefix": "",
            "path": "/",
            "policy": "{\"Statement\":[{\"Action\":[\"states:StartExecution\"],\"Effect\":\"Allow\",\"Resource\":\"arn:aws:states:us-east-2:287706941932:stateMachine:user-activity-pipeline-pipeline\"}],\"Version\":\"2012-10-17\"}",
            "policy_id": "ANPAUF7FLRHWALZFVB4YU",
            "tags": {},
            "tags_all": {}
          },
          "sensitive_attributes": [],
          "identity_schema_version": 0,
          "identity": {
            "arn": "arn:aws:iam::287706941932:policy/user-activity-pipeline-collector-sfn"
          },
          "private": "bnVsbA==",
          "dependencies": [
            "aws_dynamodb_table.activity",
            "aws_iam_role.lambda_exec",
            "aws_iam_role.sfn_role",
            "aws_lambda_function.load",
            "aws_sfn_state_machine.pipeline",
            "data.archive_file.processor_zip",
            "data.aws_iam_policy_document.assume_lambda",
            "data.aws_iam_policy_document.assume_sfn",
            "null_resource.build_dir"
          ]
        }
      ]
    },
    {
      "mode": "managed",
      "type": "aws_iam_policy",
      "name": "lambda_inline",
      "provider": "provider[\"registry.terraform.io/hashicorp/aws\"]",
      "instances": [
        {
          "schema_version": 0,
          "attributes": {
            "arn": "arn:aws:iam::287706941932:policy/user-activity-pipeline-lambda-inline",
            "attachment_count": 1,
            "description": "",
            "id": "arn:aws:iam::287706941932:policy/user-activity-pipeline-lambda-inline",
            "name": "user-activity-pipeline-lambda-inline",
            "name_prefix": "",
            "path": "/",
            "policy": "{\"Statement\":[{\"Action\":[\"s3:PutObject\",\"s3:ListBucket\",\"s3:GetObject\"],\"Effect\":\"Allow\",\"Resource\":[\"arn:aws:s3:::user-activity-pipeline-raw-90adda9f/*\",\"arn:aws:s3:::user-activity-pipeline-raw-90adda9f\"],\"Sid\":\"S3RW\"},{\"Action\":[\"dynamodb:PutItem\",\"dynamodb:BatchWriteItem\"],\"Effect\":\"Allow\",\"Resource\":\"arn:aws:dynamodb:us-east-2:287706941932:table/user-activity-pipeline-table\",\"Sid\":\"DDBWrite\"},{\"Action\":\"lambda:InvokeFunction\",\"Effect\":\"Allow\",\"Resource\":\"arn:aws:lambda:us-east-2:287706941932:function:user-activity-pipeline-processor\",\"Sid\":\"LambdaInvoke\"},{\"Action\":\"states:StartExecution\",\"Effect\":\"Allow\",\"Resource\":\"arn:aws:states:us-east-2:287706941932:stateMachine:user-activity-pipeline-pipeline\",\"Sid\":\"StepFunctionsStart\"}],\"Version\":\"2012-10-17\"}",
            "policy_id": "ANPAUF7FLRHWM533IE36P",
            "tags": {},
            "tags_all": {}
          },
          "sensitive_attributes": [],
          "identity_schema_version": 0,
          "identity": {
            "arn": "arn:aws:iam::287706941932:policy/user-activity-pipeline-lambda-inline"
          },
          "private": "bnVsbA==",
          "dependencies": [
            "aws_dynamodb_table.activity",
            "aws_iam_role.lambda_exec",
            "aws_iam_role.sfn_role",
            "aws_lambda_function.load",
            "aws_lambda_function.processor",
            "aws_s3_bucket.raw",
            "aws_sfn_state_machine.pipeline",
            "data.archive_file.processor_zip",
            "data.aws_iam_policy_document.assume_lambda",
            "data.aws_iam_policy_document.assume_sfn",
            "data.aws_iam_policy_document.lambda_inline",
            "null_resource.build_dir",
            "random_id.suffix"
          ]
        }
      ]
    },
    {
      "mode": "managed",
      "type": "aws_iam_policy",
      "name": "sfn_invoke_policy",
      "provider": "provider[\"registry.terraform.io/hashicorp/aws\"]",
      "instances": [
        {
          "schema_version": 0,
          "attributes": {
            "arn": "arn:aws:iam::287706941932:policy/user-activity-pipeline-sfn-invoke-policy",
            "attachment_count": 1,
            "description": "",
            "id": "arn:aws:iam::287706941932:policy/user-activity-pipeline-sfn-invoke-policy",
            "name": "user-activity-pipeline-sfn-invoke-policy",
            "name_prefix": "",
            "path": "/",
            "policy": "{\"Statement\":[{\"Action\":\"lambda:InvokeFunction\",\"Effect\":\"Allow\",\"Resource\":[\"arn:aws:lambda:us-east-2:287706941932:function:user-activity-pipeline-transform\",\"arn:aws:lambda:us-east-2:287706941932:function:user-activity-pipeline-processor\",\"arn:aws:lambda:us-east-2:287706941932:function:user-activity-pipeline-load\",\"arn:aws:lambda:us-east-2:287706941932:function:user-activity-pipeline-collector\"]}],\"Version\":\"2012-10-17\"}",
            "policy_id": "ANPAUF7FLRHWPTA7JSN3P",
            "tags": {},
            "tags_all": {}
          },
          "sensitive_attributes": [],
          "identity_schema_version": 0,
          "identity": {
            "arn": "arn:aws:iam::287706941932:policy/user-activity-pipeline-sfn-invoke-policy"
          },
          "private": "bnVsbA==",
          "dependencies": [
            "aws_dynamodb_table.activity",
            "aws_iam_role.lambda_exec",
            "aws_iam_role.sfn_role",
            "aws_lambda_function.collector",
            "aws_lambda_function.load",
            "aws_lambda_function.processor",
            "aws_lambda_function.transform",
            "aws_s3_bucket.raw",
            "aws_sfn_state_machine.pipeline",
            "data.archive_file.collector_zip",
            "data.archive_file.processor_zip",
            "data.aws_iam_policy_document.assume_lambda",
            "data.aws_iam_policy_document.assume_sfn",
            "data.aws_iam_policy_document.sfn_invoke_lambdas",
            "null_resource.build_dir",
            "random_id.suffix"
          ]
        }
      ]
    },
    {
      "mode": "managed",
      "type": "aws_iam_role",
      "name": "lambda_exec",
      "provider": "provider[\"registry.terraform.io/hashicorp/aws\"]",
      "instances": [
        {
          "schema_version": 0,
          "attributes": {
            "arn": "arn:aws:iam::287706941932:role/user-activity-pipeline-lambda-exec",
            "assume_role_policy": "{\"Statement\":[{\"Action\":\"sts:AssumeRole\",\"Effect\":\"Allow\",\"Principal\":{\"Service\":\"lambda.amazonaws.com\"}}],\"Version\":\"2012-10-17\"}",
            "create_date": "2025-08-26T17:19:45Z",
            "description": "",
            "force_detach_policies": false,
            "id": "user-activity-pipeline-lambda-exec",
            "inline_policy": [],
            "managed_policy_arns": [
              "arn:aws:iam::287706941932:policy/user-activity-pipeline-collector-sfn",
              "arn:aws:iam::287706941932:policy/user-activity-pipeline-lambda-inline",
              "arn:aws:iam::aws:policy/service-role/AWSLambdaBasicExecutionRole"
            ],
            "max_session_duration": 3600,
            "name": "user-activity-pipeline-lambda-exec",
            "name_prefix": "",
            "path": "/",
            "permissions_boundary": "",
            "tags": {},
            "tags_all": {},
            "unique_id": "AROAUF7FLRHWKDLAK35TI"
          },
          "sensitive_attributes": [],
          "identity_schema_version": 0,
          "identity": {
            "account_id": "287706941932",
            "name": "user-activity-pipeline-lambda-exec"
          },
          "private": "bnVsbA==",
          "dependencies": [
            "data.aws_iam_policy_document.assume_lambda"
          ]
        }
      ]
    },
    {
      "mode": "managed",
      "type": "aws_iam_role",
      "name": "sfn_role",
      "provider": "provider[\"registry.terraform.io/hashicorp/aws\"]",
      "instances": [
        {
          "schema_version": 0,
          "attributes": {
            "arn": "arn:aws:iam::287706941932:role/user-activity-pipeline-sfn-role",
            "assume_role_policy": "{\"Statement\":[{\"Action\":\"sts:AssumeRole\",\"Effect\":\"Allow\",\"Principal\":{\"Service\":\"states.amazonaws.com\"}}],\"Version\":\"2012-10-17\"}",
            "create_date": "2025-08-26T17:19:45Z",
            "description": "",
            "force_detach_policies": false,
            "id": "user-activity-pipeline-sfn-role",
            "inline_policy": [],
            "managed_policy_arns": [
              "arn:aws:iam::287706941932:policy/user-activity-pipeline-sfn-invoke-policy"
            ],
            "max_session_duration": 3600,
            "name": "user-activity-pipeline-sfn-role",
            "name_prefix": "",
            "path": "/",
            "permissions_boundary": "",
            "tags": {},
            "tags_all": {},
            "unique_id": "AROAUF7FLRHWI5STSKJBA"
          },
          "sensitive_attributes": [],
          "identity_schema_version": 0,
          "identity": {
            "account_id": "287706941932",
            "name": "user-activity-pipeline-sfn-role"
          },
          "private": "bnVsbA==",
          "dependencies": [
            "data.aws_iam_policy_document.assume_sfn"
          ]
        }
      ]
    },
    {
      "mode": "managed",
      "type": "aws_iam_role_policy_attachment",
      "name": "attach_sfn_policy",
      "provider": "provider[\"registry.terraform.io/hashicorp/aws\"]",
      "instances": [
        {
          "schema_version": 0,
          "attributes": {
            "id": "user-activity-pipeline-sfn-role/arn:aws:iam::287706941932:policy/user-activity-pipeline-sfn-invoke-policy",
            "policy_arn": "arn:aws:iam::287706941932:policy/user-activity-pipeline-sfn-invoke-policy",
            "role": "user-activity-pipeline-sfn-role"
          },
          "sensitive_attributes": [],
          "identity_schema_version": 0,
          "identity": {
            "account_id": "287706941932",
            "policy_arn": "arn:aws:iam::287706941932:policy/user-activity-pipeline-sfn-invoke-policy",
            "role": "user-activity-pipeline-sfn-role"
          },
          "private": "bnVsbA==",
          "dependencies": [
            "aws_dynamodb_table.activity",
            "aws_iam_policy.sfn_invoke_policy",
            "aws_iam_role.lambda_exec",
            "aws_iam_role.sfn_role",
            "aws_lambda_function.collector",
            "aws_lambda_function.load",
            "aws_lambda_function.processor",
            "aws_lambda_function.transform",
            "aws_s3_bucket.raw",
            "aws_sfn_state_machine.pipeline",
            "data.archive_file.collector_zip",
            "data.archive_file.processor_zip",
            "data.aws_iam_policy_document.assume_lambda",
            "data.aws_iam_policy_document.assume_sfn",
            "data.aws_iam_policy_document.sfn_invoke_lambdas",
            "null_resource.build_dir",
            "random_id.suffix"
          ]
        }
      ]
    },
    {
      "mode": "managed",
      "type": "aws_iam_role_policy_attachment",
      "name": "collector_sfn_attach",
      "provider": "provider[\"registry.terraform.io/hashicorp/aws\"]",
      "instances": [
        {
          "schema_version": 0,
          "attributes": {
            "id": "user-activity-pipeline-lambda-exec/arn:aws:iam::287706941932:policy/user-activity-pipeline-collector-sfn",
            "policy_arn": "arn:aws:iam::287706941932:policy/user-activity-pipeline-collector-sfn",
            "role": "user-activity-pipeline-lambda-exec"
          },
          "sensitive_attributes": [],
          "identity_schema_version": 0,
          "identity": {
            "account_id": "287706941932",
            "policy_arn": "arn:aws:iam::287706941932:policy/user-activity-pipeline-collector-sfn",
            "role": "user-activity-pipeline-lambda-exec"
          },
          "private": "bnVsbA==",
          "dependencies": [
            "aws_dynamodb_table.activity",
            "aws_iam_policy.collector_sfn",
            "aws_iam_role.lambda_exec",
            "aws_iam_role.sfn_role",
            "aws_lambda_function.load",
            "aws_sfn_state_machine.pipeline",
            "data.archive_file.processor_zip",
            "data.aws_iam_policy_document.assume_lambda",
            "data.aws_iam_policy_document.assume_sfn",
            "null_resource.build_dir"
          ]
        }
      ]
    },
    {
      "mode": "managed",
      "type": "aws_iam_role_policy_attachment",
      "name": "lambda_basic",
      "provider": "provider[\"registry.terraform.io/hashicorp/aws\"]",
      "instances": [
        {
          "schema_version": 0,
          "attributes": {
            "id": "user-activity-pipeline-lambda-exec/arn:aws:iam::aws:policy/service-role/AWSLambdaBasicExecutionRole",
            "policy_arn": "arn:aws:iam::aws:policy/service-role/AWSLambdaBasicExecutionRole",
            "role": "user-activity-pipeline-lambda-exec"
          },
          "sensitive_attributes": [],
          "identity_schema_version": 0,
          "identity": {
            "account_id": "287706941932",
            "policy_arn": "arn:aws:iam::aws:policy/service-role/AWSLambdaBasicExecutionRole",
            "role": "user-activity-pipeline-lambda-exec"
          },
          "private": "bnVsbA==",
          "dependencies": [
            "aws_iam_role.lambda_exec",
            "data.aws_iam_policy_document.assume_lambda"
          ]
        }
      ]
    },
    {
      "mode": "managed",
      "type": "aws_iam_role_policy_attachment",
      "name": "lambda_inline_attach",
      "provider": "provider[\"registry.terraform.io/hashicorp/aws\"]",
      "instances": [
        {
          "schema_version": 0,
          "attributes": {
            "id": "user-activity-pipeline-lambda-exec/arn:aws:iam::287706941932:policy/user-activity-pipeline-lambda-inline",
            "policy_arn": "arn:aws:iam::287706941932:policy/user-activity-pipeline-lambda-inline",
            "role": "user-activity-pipeline-lambda-exec"
          },
          "sensitive_attributes": [],
          "identity_schema_version": 0,
          "identity": {
            "account_id": "287706941932",
            "policy_arn": "arn:aws:iam::287706941932:policy/user-activity-pipeline-lambda-inline",
            "role": "user-activity-pipeline-lambda-exec"
          },
          "private": "bnVsbA==",
          "dependencies": [
            "aws_dynamodb_table.activity",
            "aws_iam_policy.lambda_inline",
            "aws_iam_role.lambda_exec",
            "aws_iam_role.sfn_role",
            "aws_lambda_function.load",
            "aws_lambda_function.processor",
            "aws_s3_bucket.raw",
            "aws_sfn_state_machine.pipeline",
            "data.archive_file.processor_zip",
            "data.aws_iam_policy_document.assume_lambda",
            "data.aws_iam_policy_document.assume_sfn",
            "data.aws_iam_policy_document.lambda_inline",
            "null_resource.build_dir",
            "random_id.suffix"
          ]
        }
      ]
    },
    {
      "mode": "managed",
      "type": "aws_lambda_function",
      "name": "collector",
      "provider": "provider[\"registry.terraform.io/hashicorp/aws\"]",
      "instances": [
        {
          "schema_version": 0,
          "attributes": {
            "architectures": [
              "x86_64"
            ],
            "arn": "arn:aws:lambda:us-east-2:287706941932:function:user-activity-pipeline-collector",
            "code_sha256": "bK6AjmEC7ZZIic7cxZCae0mvMO7i/yacPcsRCNogxsc=",
            "code_signing_config_arn": "",
            "dead_letter_config": [],
            "description": "",
            "environment": [
              {
                "variables": {
                  "BUCKET_NAME": "user-activity-pipeline-raw-90adda9f",
                  "STATE_MACHINE_ARN": "arn:aws:states:us-east-2:287706941932:stateMachine:user-activity-pipeline-pipeline"
                }
              }
            ],
            "ephemeral_storage": [
              {
                "size": 512
              }
            ],
            "file_system_config": [],
            "filename": "./.build/collector.zip",
            "function_name": "user-activity-pipeline-collector",
            "handler": "collector.handler",
            "id": "user-activity-pipeline-collector",
            "image_config": [],
            "image_uri": "",
            "invoke_arn": "arn:aws:apigateway:us-east-2:lambda:path/2015-03-31/functions/arn:aws:lambda:us-east-2:287706941932:function:user-activity-pipeline-collector/invocations",
            "kms_key_arn": "",
            "last_modified": "2025-08-26T17:20:16.489+0000",
            "layers": [],
            "logging_config": [
              {
                "application_log_level": "",
                "log_format": "Text",
                "log_group": "/aws/lambda/user-activity-pipeline-collector",
                "system_log_level": ""
              }
            ],
            "memory_size": 128,
            "package_type": "Zip",
            "publish": false,
            "qualified_arn": "arn:aws:lambda:us-east-2:287706941932:function:user-activity-pipeline-collector:$LATEST",
            "qualified_invoke_arn": "arn:aws:apigateway:us-east-2:lambda:path/2015-03-31/functions/arn:aws:lambda:us-east-2:287706941932:function:user-activity-pipeline-collector:$LATEST/invocations",
            "region": "us-east-2",
            "replace_security_groups_on_destroy": null,
            "replacement_security_group_ids": null,
            "reserved_concurrent_executions": -1,
            "role": "arn:aws:iam::287706941932:role/user-activity-pipeline-lambda-exec",
            "runtime": "python3.11",
            "s3_bucket": null,
            "s3_key": null,
            "s3_object_version": null,
            "signing_job_arn": "",
            "signing_profile_version_arn": "",
            "skip_destroy": false,
            "snap_start": [],
            "source_code_hash": "bK6AjmEC7ZZIic7cxZCae0mvMO7i/yacPcsRCNogxsc=",
            "source_code_size": 995,
            "tags": {},
            "tags_all": {},
            "timeout": 15,
            "timeouts": null,
            "tracing_config": [
              {
                "mode": "PassThrough"
              }
            ],
            "version": "$LATEST",
            "vpc_config": []
          },
          "sensitive_attributes": [],
          "identity_schema_version": 0,
          "identity": {
            "account_id": "287706941932",
            "function_name": "user-activity-pipeline-collector",
            "region": "us-east-2"
          },
          "private": "eyJlMmJmYjczMC1lY2FhLTExZTYtOGY4OC0zNDM2M2JjN2M0YzAiOnsiY3JlYXRlIjo2MDAwMDAwMDAwMDAsImRlbGV0ZSI6NjAwMDAwMDAwMDAwLCJ1cGRhdGUiOjYwMDAwMDAwMDAwMH19",
          "dependencies": [
            "aws_dynamodb_table.activity",
            "aws_iam_role.lambda_exec",
            "aws_iam_role.sfn_role",
            "aws_lambda_function.load",
            "aws_s3_bucket.raw",
            "aws_sfn_state_machine.pipeline",
            "data.archive_file.collector_zip",
            "data.archive_file.processor_zip",
            "data.aws_iam_policy_document.assume_lambda",
            "data.aws_iam_policy_document.assume_sfn",
            "null_resource.build_dir",
            "random_id.suffix"
          ]
        }
      ]
    },
    {
      "mode": "managed",
      "type": "aws_lambda_function",
      "name": "load",
      "provider": "provider[\"registry.terraform.io/hashicorp/aws\"]",
      "instances": [
        {
          "schema_version": 0,
          "attributes": {
            "architectures": [
              "x86_64"
            ],
            "arn": "arn:aws:lambda:us-east-2:287706941932:function:user-activity-pipeline-load",
            "code_sha256": "CuWTqHOijUvAwMqonWBAoNpdoqdkYxwOiFT0L44N3z0=",
            "code_signing_config_arn": "",
            "dead_letter_config": [],
            "description": "",
            "environment": [
              {
                "variables": {
                  "TABLE_NAME": "user-activity-pipeline-table"
                }
              }
            ],
            "ephemeral_storage": [
              {
                "size": 512
              }
            ],
            "file_system_config": [],
            "filename": "./.build/processor.zip",
            "function_name": "user-activity-pipeline-load",
            "handler": "processor.handler",
            "id": "user-activity-pipeline-load",
            "image_config": [],
            "image_uri": "",
            "invoke_arn": "arn:aws:apigateway:us-east-2:lambda:path/2015-03-31/functions/arn:aws:lambda:us-east-2:287706941932:function:user-activity-pipeline-load/invocations",
            "kms_key_arn": "",
            "last_modified": "2025-08-27T21:03:29.000+0000",
            "layers": [],
            "logging_config": [
              {
                "application_log_level": "",
                "log_format": "Text",
                "log_group": "/aws/lambda/user-activity-pipeline-load",
                "system_log_level": ""
              }
            ],
            "memory_size": 1024,
            "package_type": "Zip",
            "publish": false,
            "qualified_arn": "arn:aws:lambda:us-east-2:287706941932:function:user-activity-pipeline-load:$LATEST",
            "qualified_invoke_arn": "arn:aws:apigateway:us-east-2:lambda:path/2015-03-31/functions/arn:aws:lambda:us-east-2:287706941932:function:user-activity-pipeline-load:$LATEST/invocations",
            "region": "us-east-2",
            "replace_security_groups_on_destroy": null,
            "replacement_security_group_ids": null,
            "reserved_concurrent_executions": -1,
            "role": "arn:aws:iam::287706941932:role/user-activity-pipeline-lambda-exec",
            "runtime": "python3.11",
            "s3_bucket": null,
            "s3_key": null,
            "s3_object_version": null,
            "signing_job_arn": "",
            "signing_profile_version_arn": "",
            "skip_destroy": false,
            "snap_start": [],
            "source_code_hash": "CuWTqHOijUvAwMqonWBAoNpdoqdkYxwOiFT0L44N3z0=",
            "source_code_size": 1211,
            "tags": {},
            "tags_all": {},
            "timeout": 180,
            "timeouts": null,
            "tracing_config": [
              {
                "mode": "PassThrough"
              }
            ],
            "version": "$LATEST",
            "vpc_config": []
          },
          "sensitive_attributes": [],
          "identity_schema_version": 0,
          "identity": {
            "account_id": "287706941932",
            "function_name": "user-activity-pipeline-load",
            "region": "us-east-2"
          },
          "private": "eyJlMmJmYjczMC1lY2FhLTExZTYtOGY4OC0zNDM2M2JjN2M0YzAiOnsiY3JlYXRlIjo2MDAwMDAwMDAwMDAsImRlbGV0ZSI6NjAwMDAwMDAwMDAwLCJ1cGRhdGUiOjYwMDAwMDAwMDAwMH19",
          "dependencies": [
            "aws_dynamodb_table.activity",
            "aws_iam_role.lambda_exec",
            "data.archive_file.processor_zip",
            "data.aws_iam_policy_document.assume_lambda",
            "null_resource.build_dir"
          ]
        }
      ]
    },
    {
      "mode": "managed",
      "type": "aws_lambda_function",
      "name": "processor",
      "provider": "provider[\"registry.terraform.io/hashicorp/aws\"]",
      "instances": [
        {
          "schema_version": 0,
          "attributes": {
            "architectures": [
              "x86_64"
            ],
            "arn": "arn:aws:lambda:us-east-2:287706941932:function:user-activity-pipeline-processor",
            "code_sha256": "CuWTqHOijUvAwMqonWBAoNpdoqdkYxwOiFT0L44N3z0=",
            "code_signing_config_arn": "",
            "dead_letter_config": [],
            "description": "",
            "environment": [
              {
                "variables": {
                  "BUCKET_NAME": "user-activity-pipeline-raw-90adda9f",
                  "TABLE_NAME": "user-activity-pipeline-table"
                }
              }
            ],
            "ephemeral_storage": [
              {
                "size": 512
              }
            ],
            "file_system_config": [],
            "filename": "./.build/processor.zip",
            "function_name": "user-activity-pipeline-processor",
            "handler": "processor.handler",
            "id": "user-activity-pipeline-processor",
            "image_config": [],
            "image_uri": "",
            "invoke_arn": "arn:aws:apigateway:us-east-2:lambda:path/2015-03-31/functions/arn:aws:lambda:us-east-2:287706941932:function:user-activity-pipeline-processor/invocations",
            "kms_key_arn": "",
            "last_modified": "2025-08-26T17:20:04.575+0000",
            "layers": [],
            "logging_config": [
              {
                "application_log_level": "",
                "log_format": "Text",
                "log_group": "/aws/lambda/user-activity-pipeline-processor",
                "system_log_level": ""
              }
            ],
            "memory_size": 256,
            "package_type": "Zip",
            "publish": false,
            "qualified_arn": "arn:aws:lambda:us-east-2:287706941932:function:user-activity-pipeline-processor:$LATEST",
            "qualified_invoke_arn": "arn:aws:apigateway:us-east-2:lambda:path/2015-03-31/functions/arn:aws:lambda:us-east-2:287706941932:function:user-activity-pipeline-processor:$LATEST/invocations",
            "region": "us-east-2",
            "replace_security_groups_on_destroy": null,
            "replacement_security_group_ids": null,
            "reserved_concurrent_executions": -1,
            "role": "arn:aws:iam::287706941932:role/user-activity-pipeline-lambda-exec",
            "runtime": "python3.11",
            "s3_bucket": null,
            "s3_key": null,
            "s3_object_version": null,
            "signing_job_arn": "",
            "signing_profile_version_arn": "",
            "skip_destroy": false,
            "snap_start": [],
            "source_code_hash": "CuWTqHOijUvAwMqonWBAoNpdoqdkYxwOiFT0L44N3z0=",
            "source_code_size": 1211,
            "tags": {},
            "tags_all": {},
            "timeout": 60,
            "timeouts": null,
            "tracing_config": [
              {
                "mode": "PassThrough"
              }
            ],
            "version": "$LATEST",
            "vpc_config": []
          },
          "sensitive_attributes": [],
          "identity_schema_version": 0,
          "identity": {
            "account_id": "287706941932",
            "function_name": "user-activity-pipeline-processor",
            "region": "us-east-2"
          },
          "private": "eyJlMmJmYjczMC1lY2FhLTExZTYtOGY4OC0zNDM2M2JjN2M0YzAiOnsiY3JlYXRlIjo2MDAwMDAwMDAwMDAsImRlbGV0ZSI6NjAwMDAwMDAwMDAwLCJ1cGRhdGUiOjYwMDAwMDAwMDAwMH19",
          "dependencies": [
            "aws_dynamodb_table.activity",
            "aws_iam_role.lambda_exec",
            "aws_s3_bucket.raw",
            "data.archive_file.processor_zip",
            "data.aws_iam_policy_document.assume_lambda",
            "null_resource.build_dir",
            "random_id.suffix"
          ]
        }
      ]
    },
    {
      "mode": "managed",
      "type": "aws_lambda_function",
      "name": "transform",
      "provider": "provider[\"registry.terraform.io/hashicorp/aws\"]",
      "instances": [
        {
          "schema_version": 0,
          "attributes": {
            "architectures": [
              "x86_64"
            ],
            "arn": "arn:aws:lambda:us-east-2:287706941932:function:user-activity-pipeline-transform",
            "code_sha256": "CuWTqHOijUvAwMqonWBAoNpdoqdkYxwOiFT0L44N3z0=",
            "code_signing_config_arn": "",
            "dead_letter_config": [],
            "description": "",
            "environment": [
              {
                "variables": {
                  "TABLE_NAME": "user-activity-pipeline-table"
                }
              }
            ],
            "ephemeral_storage": [
              {
                "size": 512
              }
            ],
            "file_system_config": [],
            "filename": "./.build/processor.zip",
            "function_name": "user-activity-pipeline-transform",
            "handler": "processor.handler",
            "id": "user-activity-pipeline-transform",
            "image_config": [],
            "image_uri": "",
            "invoke_arn": "arn:aws:apigateway:us-east-2:lambda:path/2015-03-31/functions/arn:aws:lambda:us-east-2:287706941932:function:user-activity-pipeline-transform/invocations",
            "kms_key_arn": "",
            "last_modified": "2025-08-26T17:19:58.812+0000",
            "layers": [],
            "logging_config": [
              {
                "application_log_level": "",
                "log_format": "Text",
                "log_group": "/aws/lambda/user-activity-pipeline-transform",
                "system_log_level": ""
              }
            ],
            "memory_size": 256,
            "package_type": "Zip",
            "publish": false,
            "qualified_arn": "arn:aws:lambda:us-east-2:287706941932:function:user-activity-pipeline-transform:$LATEST",
            "qualified_invoke_arn": "arn:aws:apigateway:us-east-2:lambda:path/2015-03-31/functions/arn:aws:lambda:us-east-2:287706941932:function:user-activity-pipeline-transform:$LATEST/invocations",
            "region": "us-east-2",
            "replace_security_groups_on_destroy": null,
            "replacement_security_group_ids": null,
            "reserved_concurrent_executions": -1,
            "role": "arn:aws:iam::287706941932:role/user-activity-pipeline-lambda-exec",
            "runtime": "python3.11",
            "s3_bucket": null,
            "s3_key": null,
            "s3_object_version": null,
            "signing_job_arn": "",
            "signing_profile_version_arn": "",
            "skip_destroy": false,
            "snap_start": [],
            "source_code_hash": "CuWTqHOijUvAwMqonWBAoNpdoqdkYxwOiFT0L44N3z0=",
            "source_code_size": 1211,
            "tags": {},
            "tags_all": {},
            "timeout": 60,
            "timeouts": null,
            "tracing_config": [
              {
                "mode": "PassThrough"
              }
            ],
            "version": "$LATEST",
            "vpc_config": []
          },
          "sensitive_attributes": [],
          "identity_schema_version": 0,
          "identity": {
            "account_id": "287706941932",
            "function_name": "user-activity-pipeline-transform",
            "region": "us-east-2"
          },
          "private": "eyJlMmJmYjczMC1lY2FhLTExZTYtOGY4OC0zNDM2M2JjN2M0YzAiOnsiY3JlYXRlIjo2MDAwMDAwMDAwMDAsImRlbGV0ZSI6NjAwMDAwMDAwMDAwLCJ1cGRhdGUiOjYwMDAwMDAwMDAwMH19",
          "dependencies": [
            "aws_dynamodb_table.activity",
            "aws_iam_role.lambda_exec",
            "data.archive_file.processor_zip",
            "data.aws_iam_policy_document.assume_lambda",
            "null_resource.build_dir"
          ]
        }
      ]
    },
    {
      "mode": "managed",
      "type": "aws_lambda_permission",
      "name": "allow_s3_invoke",
      "provider": "provider[\"registry.terraform.io/hashicorp/aws\"]",
      "instances": [
        {
          "schema_version": 0,
          "attributes": {
            "action": "lambda:InvokeFunction",
            "event_source_token": null,
            "function_name": "user-activity-pipeline-collector",
            "function_url_auth_type": null,
            "id": "AllowExecutionFromS3",
            "principal": "s3.amazonaws.com",
            "principal_org_id": null,
            "qualifier": "",
            "region": "us-east-2",
            "source_account": null,
            "source_arn": "arn:aws:s3:::user-activity-pipeline-raw-90adda9f",
            "statement_id": "AllowExecutionFromS3",
            "statement_id_prefix": ""
          },
          "sensitive_attributes": [],
          "identity_schema_version": 0,
          "identity": {
            "account_id": "287706941932",
            "function_name": "user-activity-pipeline-collector",
            "qualifier": null,
            "region": "us-east-2",
            "statement_id": "AllowExecutionFromS3"
          },
          "private": "bnVsbA==",
          "dependencies": [
            "aws_dynamodb_table.activity",
            "aws_iam_role.lambda_exec",
            "aws_iam_role.sfn_role",
            "aws_lambda_function.collector",
            "aws_lambda_function.load",
            "aws_s3_bucket.raw",
            "aws_sfn_state_machine.pipeline",
            "data.archive_file.collector_zip",
            "data.archive_file.processor_zip",
            "data.aws_iam_policy_document.assume_lambda",
            "data.aws_iam_policy_document.assume_sfn",
            "null_resource.build_dir",
            "random_id.suffix"
          ]
        }
      ]
    },
    {
      "mode": "managed",
      "type": "aws_s3_bucket",
      "name": "raw",
      "provider": "provider[\"registry.terraform.io/hashicorp/aws\"]",
      "instances": [
        {
          "schema_version": 0,
          "attributes": {
            "acceleration_status": "",
            "acl": null,
            "arn": "arn:aws:s3:::user-activity-pipeline-raw-90adda9f",
            "bucket": "user-activity-pipeline-raw-90adda9f",
            "bucket_domain_name": "user-activity-pipeline-raw-90adda9f.s3.amazonaws.com",
            "bucket_prefix": "",
            "bucket_region": "us-east-2",
            "bucket_regional_domain_name": "user-activity-pipeline-raw-90adda9f.s3.us-east-2.amazonaws.com",
            "cors_rule": [],
            "force_destroy": true,
            "grant": [
              {
                "id": "eed2904bd46251fcec17d740d141c2000224d968d47134fa1578a27786c497e5",
                "permissions": [
                  "FULL_CONTROL"
                ],
                "type": "CanonicalUser",
                "uri": ""
              }
            ],
            "hosted_zone_id": "Z2O1EMRO9K5GLX",
            "id": "user-activity-pipeline-raw-90adda9f",
            "lifecycle_rule": [],
            "logging": [],
            "object_lock_configuration": [],
            "object_lock_enabled": false,
            "policy": "",
            "region": "us-east-2",
            "replication_configuration": [],
            "request_payer": "BucketOwner",
            "server_side_encryption_configuration": [
              {
                "rule": [
                  {
                    "apply_server_side_encryption_by_default": [
                      {
                        "kms_master_key_id": "",
                        "sse_algorithm": "AES256"
                      }
                    ],
                    "bucket_key_enabled": false
                  }
                ]
              }
            ],
            "tags": {},
            "tags_all": {},
            "timeouts": null,
            "versioning": [
              {
                "enabled": true,
                "mfa_delete": false
              }
            ],
            "website": [],
            "website_domain": null,
            "website_endpoint": null
          },
          "sensitive_attributes": [],
          "identity_schema_version": 0,
          "identity": {
            "account_id": "287706941932",
            "bucket": "user-activity-pipeline-raw-90adda9f",
            "region": "us-east-2"
          },
          "private": "eyJlMmJmYjczMC1lY2FhLTExZTYtOGY4OC0zNDM2M2JjN2M0YzAiOnsiY3JlYXRlIjoxMjAwMDAwMDAwMDAwLCJkZWxldGUiOjM2MDAwMDAwMDAwMDAsInJlYWQiOjEyMDAwMDAwMDAwMDAsInVwZGF0ZSI6MTIwMDAwMDAwMDAwMH19",
          "dependencies": [
            "random_id.suffix"
          ]
        }
      ]
    },
    {
      "mode": "managed",
      "type": "aws_s3_bucket_notification",
      "name": "bucket_notification",
      "provider": "provider[\"registry.terraform.io/hashicorp/aws\"]",
      "instances": [
        {
          "schema_version": 0,
          "attributes": {
            "bucket": "user-activity-pipeline-raw-90adda9f",
            "eventbridge": false,
            "id": "user-activity-pipeline-raw-90adda9f",
            "lambda_function": [
              {
                "events": [
                  "s3:ObjectCreated:*"
                ],
                "filter_prefix": "ingest/",
                "filter_suffix": ".jsonl",
                "id": "tf-s3-lambda-20250826172022187600000001",
                "lambda_function_arn": "arn:aws:lambda:us-east-2:287706941932:function:user-activity-pipeline-collector"
              }
            ],
            "queue": [],
            "region": "us-east-2",
            "topic": []
          },
          "sensitive_attributes": [],
          "identity_schema_version": 0,
          "identity": {
            "account_id": "287706941932",
            "bucket": "user-activity-pipeline-raw-90adda9f",
            "region": "us-east-2"
          },
          "private": "bnVsbA==",
          "dependencies": [
            "aws_dynamodb_table.activity",
            "aws_iam_role.lambda_exec",
            "aws_iam_role.sfn_role",
            "aws_lambda_function.collector",
            "aws_lambda_function.load",
            "aws_lambda_permission.allow_s3_invoke",
            "aws_s3_bucket.raw",
            "aws_sfn_state_machine.pipeline",
            "data.archive_file.collector_zip",
            "data.archive_file.processor_zip",
            "data.aws_iam_policy_document.assume_lambda",
            "data.aws_iam_policy_document.assume_sfn",
            "null_resource.build_dir",
            "random_id.suffix"
          ]
        }
      ]
    },
    {
      "mode": "managed",
      "type": "aws_s3_bucket_versioning",
      "name": "raw",
      "provider": "provider[\"registry.terraform.io/hashicorp/aws\"]",
      "instances": [
        {
          "schema_version": 0,
          "attributes": {
            "bucket": "user-activity-pipeline-raw-90adda9f",
            "expected_bucket_owner": "",
            "id": "user-activity-pipeline-raw-90adda9f",
            "mfa": null,
            "region": "us-east-2",
            "versioning_configuration": [
              {
                "mfa_delete": "",
                "status": "Enabled"
              }
            ]
          },
          "sensitive_attributes": [],
          "identity_schema_version": 0,
          "identity": {
            "account_id": "287706941932",
            "bucket": "user-activity-pipeline-raw-90adda9f",
            "expected_bucket_owner": null,
            "region": "us-east-2"
          },
          "private": "bnVsbA==",
          "dependencies": [
            "aws_s3_bucket.raw",
            "random_id.suffix"
          ]
        }
      ]
    },
    {
      "mode": "managed",
      "type": "aws_sfn_state_machine",
      "name": "pipeline",
      "provider": "provider[\"registry.terraform.io/hashicorp/aws\"]",
      "instances": [
        {
          "schema_version": 0,
          "attributes": {
            "arn": "arn:aws:states:us-east-2:287706941932:stateMachine:user-activity-pipeline-pipeline",
            "creation_date": "2025-08-26T17:20:16Z",
            "definition": "{\"Comment\":\"Event-driven pipeline for user activity\",\"StartAt\":\"Load\",\"States\":{\"Load\":{\"End\":true,\"Parameters\":{\"s3_bucket.$\":\"$.s3_bucket\",\"s3_key.$\":\"$.s3_key\"},\"Resource\":\"arn:aws:lambda:us-east-2:287706941932:function:user-activity-pipeline-load\",\"Retry\":[{\"BackoffRate\":2,\"ErrorEquals\":[\"States.ALL\"],\"IntervalSeconds\":2,\"MaxAttempts\":1}],\"Type\":\"Task\"}}}",
            "description": "",
            "encryption_configuration": [
              {
                "kms_data_key_reuse_period_seconds": 0,
                "kms_key_id": "",
                "type": "AWS_OWNED_KEY"
              }
            ],
            "id": "arn:aws:states:us-east-2:287706941932:stateMachine:user-activity-pipeline-pipeline",
            "logging_configuration": [
              {
                "include_execution_data": false,
                "level": "OFF",
                "log_destination": ""
              }
            ],
            "name": "user-activity-pipeline-pipeline",
            "name_prefix": "",
            "publish": false,
            "region": "us-east-2",
            "revision_id": "fff485c4-96eb-4b9e-bb00-866963de3f22",
            "role_arn": "arn:aws:iam::287706941932:role/user-activity-pipeline-sfn-role",
            "state_machine_version_arn": "",
            "status": "ACTIVE",
            "tags": {},
            "tags_all": {},
            "timeouts": null,
            "tracing_configuration": [
              {
                "enabled": false
              }
            ],
            "type": "STANDARD",
            "version_description": null
          },
          "sensitive_attributes": [],
          "identity_schema_version": 0,
          "private": "eyJlMmJmYjczMC1lY2FhLTExZTYtOGY4OC0zNDM2M2JjN2M0YzAiOnsiY3JlYXRlIjozMDAwMDAwMDAwMDAsImRlbGV0ZSI6MzAwMDAwMDAwMDAwLCJ1cGRhdGUiOjYwMDAwMDAwMDAwfX0=",
          "dependencies": [
            "aws_dynamodb_table.activity",
            "aws_iam_role.lambda_exec",
            "aws_iam_role.sfn_role",
            "aws_lambda_function.load",
            "data.archive_file.processor_zip",
            "data.aws_iam_policy_document.assume_lambda",
            "data.aws_iam_policy_document.assume_sfn",
            "null_resource.build_dir"
          ]
        }
      ]
    },
    {
      "mode": "managed",
      "type": "null_resource",
      "name": "build_dir",
      "provider": "provider[\"registry.terraform.io/hashicorp/null\"]",
      "instances": [
        {
          "schema_version": 0,
          "attributes": {
            "id": "980786470",
            "triggers": {
              "always_run": "2025-08-27T21:03:28Z"
            }
          },
          "sensitive_attributes": [],
          "identity_schema_version": 0
        }
      ]
    },
    {
      "mode": "managed",
      "type": "random_id",
      "name": "suffix",
      "provider": "provider[\"registry.terraform.io/hashicorp/random\"]",
      "instances": [
        {
          "schema_version": 0,
          "attributes": {
            "b64_std": "kK3anw==",
            "b64_url": "kK3anw",
            "byte_length": 4,
            "dec": "2427312799",
            "hex": "90adda9f",
            "id": "kK3anw",
            "keepers": null,
            "prefix": null
          },
          "sensitive_attributes": [],
          "identity_schema_version": 0
        }
      ]
    }
  ],
  "check_results": null
}
